
Microsoft Visual Studio Solution File, Format Version 12.00
# Visual Studio Version 16
VisualStudioVersion = 16.0.29806.167
MinimumVisualStudioVersion = 10.0.40219.1
Project("{FAE04EC0-301F-11D3-BF4B-00C04F79EFBC}") = "01. Password Reset", "01. Password Reset\01. Password Reset.csproj", "{F8BCF84E-011E-4186-B016-81778B1E31C6}"
EndProject
Project("{FAE04EC0-301F-11D3-BF4B-00C04F79EFBC}") = "02. Fancy Barcodes", "02. Fancy Barcodes\02. Fancy Barcodes.csproj", "{E9C7B276-4638-4FD6-81CB-089904FF7A37}"
EndProject
Project("{FAE04EC0-301F-11D3-BF4B-00C04F79EFBC}") = "03. Heroes of Code and Logic VII", "03. Heroes of Code and Logic VII\03. Heroes of Code and Logic VII.csproj", "{581A4BC0-49B7-4D90-A86F-2A1CB2356F31}"
EndProject
Global
	GlobalSection(SolutionConfigurationPlatforms) = preSolution
		Debug|Any CPU = Debug|Any CPU
		Release|Any CPU = Release|Any CPU
	EndGlobalSection
	GlobalSection(ProjectConfigurationPlatforms) = postSolution
		{F8BCF84E-011E-4186-B016-81778B1E31C6}.Debug|Any CPU.ActiveCfg = Debug|Any CPU
		{F8BCF84E-011E-4186-B016-81778B1E31C6}.Debug|Any CPU.Build.0 = Debug|Any CPU
		{F8BCF84E-011E-4186-B016-81778B1E31C6}.Release|Any CPU.ActiveCfg = Release|Any CPU
		{F8BCF84E-011E-4186-B016-81778B1E31C6}.Release|Any CPU.Build.0 = Release|Any CPU
		{E9C7B276-4638-4FD6-81CB-089904FF7A37}.Debug|Any CPU.ActiveCfg = Debug|Any CPU
		{E9C7B276-4638-4FD6-81CB-089904FF7A37}.Debug|Any CPU.Build.0 = Debug|Any CPU
		{E9C7B276-4638-4FD6-81CB-089904FF7A37}.Release|Any CPU.ActiveCfg = Release|Any CPU
		{E9C7B276-4638-4FD6-81CB-089904FF7A37}.Release|Any CPU.Build.0 = Release|Any CPU
		{581A4BC0-49B7-4D90-A86F-2A1CB2356F31}.Debug|Any CPU.ActiveCfg = Debug|Any CPU
		{581A4BC0-49B7-4D90-A86F-2A1CB2356F31}.Debug|Any CPU.Build.0 = Debug|Any CPU
		{581A4BC0-49B7-4D90-A86F-2A1CB2356F31}.Release|Any CPU.ActiveCfg = Release|Any CPU
		{581A4BC0-49B7-4D90-A86F-2A1CB2356F31}.Release|Any CPU.Build.0 = Release|Any CPU
	EndGlobalSection
	GlobalSection(SolutionProperties) = preSolution
		HideSolutionNode = FALSE
	EndGlobalSection
	GlobalSection(ExtensibilityGlobals) = postSolution
		SolutionGuid = {E85A6FBF-A9B4-4D5A-87BB-3F37169CE048}
	EndGlobalSection
EndGlobal
