
Microsoft Visual Studio Solution File, Format Version 12.00
# Visual Studio Version 16
VisualStudioVersion = 16.0.29806.167
MinimumVisualStudioVersion = 10.0.40219.1
Project("{FAE04EC0-301F-11D3-BF4B-00C04F79EFBC}") = "01. SoftUni Reception", "01. SoftUni Reception\01. SoftUni Reception.csproj", "{7A351CCA-500F-430E-B063-230AD3D2CDDE}"
EndProject
Project("{FAE04EC0-301F-11D3-BF4B-00C04F79EFBC}") = "02. Array Modifier", "02. Array Modifier\02. Array Modifier.csproj", "{F38199D3-C69E-4D54-9572-176B6CDA3EE4}"
EndProject
Project("{FAE04EC0-301F-11D3-BF4B-00C04F79EFBC}") = "03. Numbers", "03. Numbers\03. Numbers.csproj", "{B2909218-4D86-43BB-9E61-B93D3739F6F0}"
EndProject
Global
	GlobalSection(SolutionConfigurationPlatforms) = preSolution
		Debug|Any CPU = Debug|Any CPU
		Release|Any CPU = Release|Any CPU
	EndGlobalSection
	GlobalSection(ProjectConfigurationPlatforms) = postSolution
		{7A351CCA-500F-430E-B063-230AD3D2CDDE}.Debug|Any CPU.ActiveCfg = Debug|Any CPU
		{7A351CCA-500F-430E-B063-230AD3D2CDDE}.Debug|Any CPU.Build.0 = Debug|Any CPU
		{7A351CCA-500F-430E-B063-230AD3D2CDDE}.Release|Any CPU.ActiveCfg = Release|Any CPU
		{7A351CCA-500F-430E-B063-230AD3D2CDDE}.Release|Any CPU.Build.0 = Release|Any CPU
		{F38199D3-C69E-4D54-9572-176B6CDA3EE4}.Debug|Any CPU.ActiveCfg = Debug|Any CPU
		{F38199D3-C69E-4D54-9572-176B6CDA3EE4}.Debug|Any CPU.Build.0 = Debug|Any CPU
		{F38199D3-C69E-4D54-9572-176B6CDA3EE4}.Release|Any CPU.ActiveCfg = Release|Any CPU
		{F38199D3-C69E-4D54-9572-176B6CDA3EE4}.Release|Any CPU.Build.0 = Release|Any CPU
		{B2909218-4D86-43BB-9E61-B93D3739F6F0}.Debug|Any CPU.ActiveCfg = Debug|Any CPU
		{B2909218-4D86-43BB-9E61-B93D3739F6F0}.Debug|Any CPU.Build.0 = Debug|Any CPU
		{B2909218-4D86-43BB-9E61-B93D3739F6F0}.Release|Any CPU.ActiveCfg = Release|Any CPU
		{B2909218-4D86-43BB-9E61-B93D3739F6F0}.Release|Any CPU.Build.0 = Release|Any CPU
	EndGlobalSection
	GlobalSection(SolutionProperties) = preSolution
		HideSolutionNode = FALSE
	EndGlobalSection
	GlobalSection(ExtensibilityGlobals) = postSolution
		SolutionGuid = {B00CEBB1-C6B2-4A1F-A032-0600DCEAAE0B}
	EndGlobalSection
EndGlobal
